
Microsoft Visual Studio Solution File, Format Version 12.00
# Visual Studio 14
VisualStudioVersion = 14.0.24720.0
MinimumVisualStudioVersion = 10.0.40219.1
Project("{FAE04EC0-301F-11D3-BF4B-00C04F79EFBC}") = "ScrumRESTfulAPI", "ScrumRESTfulAPI\ScrumRESTfulAPI.csproj", "{D9417E77-6EF4-4C9F-8FE1-C68F54DB76C3}"
EndProject
Project("{FAE04EC0-301F-11D3-BF4B-00C04F79EFBC}") = "ScrumRESTfulAPITest", "ScrumRESTfulAPITest\ScrumRESTfulAPITest.csproj", "{C87FEA38-F0FC-4915-A059-B549104A2A2D}"
EndProject
Global
	GlobalSection(SolutionConfigurationPlatforms) = preSolution
		Debug|Any CPU = Debug|Any CPU
		Release|Any CPU = Release|Any CPU
	EndGlobalSection
	GlobalSection(ProjectConfigurationPlatforms) = postSolution
		{D9417E77-6EF4-4C9F-8FE1-C68F54DB76C3}.Debug|Any CPU.ActiveCfg = Debug|Any CPU
		{D9417E77-6EF4-4C9F-8FE1-C68F54DB76C3}.Debug|Any CPU.Build.0 = Debug|Any CPU
		{D9417E77-6EF4-4C9F-8FE1-C68F54DB76C3}.Release|Any CPU.ActiveCfg = Release|Any CPU
		{D9417E77-6EF4-4C9F-8FE1-C68F54DB76C3}.Release|Any CPU.Build.0 = Release|Any CPU
		{C87FEA38-F0FC-4915-A059-B549104A2A2D}.Debug|Any CPU.ActiveCfg = Debug|Any CPU
		{C87FEA38-F0FC-4915-A059-B549104A2A2D}.Debug|Any CPU.Build.0 = Debug|Any CPU
		{C87FEA38-F0FC-4915-A059-B549104A2A2D}.Release|Any CPU.ActiveCfg = Release|Any CPU
		{C87FEA38-F0FC-4915-A059-B549104A2A2D}.Release|Any CPU.Build.0 = Release|Any CPU
	EndGlobalSection
	GlobalSection(SolutionProperties) = preSolution
		HideSolutionNode = FALSE
	EndGlobalSection
EndGlobal
